
Microsoft Visual Studio Solution File, Format Version 12.00
# Visual Studio Version 16
VisualStudioVersion = 16.0.29519.87
MinimumVisualStudioVersion = 10.0.40219.1
Project("{9A19103F-16F7-4668-BE54-9A1E7A4F7556}") = "Either", "Either\Either.csproj", "{34AD0CEC-849E-4B42-8121-F81B2E69585B}"
EndProject
Project("{FAE04EC0-301F-11D3-BF4B-00C04F79EFBC}") = "EitherTest", "EitherTest\EitherTest.csproj", "{FA4691E4-84C8-4A78-917F-949CB2B6D865}"
EndProject
Global
	GlobalSection(SolutionConfigurationPlatforms) = preSolution
		Debug|Any CPU = Debug|Any CPU
		Release|Any CPU = Release|Any CPU
	EndGlobalSection
	GlobalSection(ProjectConfigurationPlatforms) = postSolution
		{34AD0CEC-849E-4B42-8121-F81B2E69585B}.Debug|Any CPU.ActiveCfg = Debug|Any CPU
		{34AD0CEC-849E-4B42-8121-F81B2E69585B}.Debug|Any CPU.Build.0 = Debug|Any CPU
		{34AD0CEC-849E-4B42-8121-F81B2E69585B}.Release|Any CPU.ActiveCfg = Release|Any CPU
		{34AD0CEC-849E-4B42-8121-F81B2E69585B}.Release|Any CPU.Build.0 = Release|Any CPU
		{FA4691E4-84C8-4A78-917F-949CB2B6D865}.Debug|Any CPU.ActiveCfg = Debug|Any CPU
		{FA4691E4-84C8-4A78-917F-949CB2B6D865}.Debug|Any CPU.Build.0 = Debug|Any CPU
		{FA4691E4-84C8-4A78-917F-949CB2B6D865}.Release|Any CPU.ActiveCfg = Release|Any CPU
		{FA4691E4-84C8-4A78-917F-949CB2B6D865}.Release|Any CPU.Build.0 = Release|Any CPU
	EndGlobalSection
	GlobalSection(SolutionProperties) = preSolution
		HideSolutionNode = FALSE
	EndGlobalSection
	GlobalSection(ExtensibilityGlobals) = postSolution
		SolutionGuid = {2111B950-C95B-40E7-80F8-DCA5AC575B9B}
	EndGlobalSection
EndGlobal
